lockfileVersion: '9.0'

settings:
  autoInstallPeers: true
  excludeLinksFromLockfile: false

importers:

  .: {}

  packages/dynamic-import:
    devDependencies:
      '@rslib/core':
        specifier: ^0.9.2
        version: 0.9.2
      '@types/node':
        specifier: ^22.9.0
        version: 22.15.31

  packages/shared-module:
    devDependencies:
      '@rslib/core':
        specifier: ^0.9.2
        version: 0.9.2

packages:

  '@ast-grep/napi-darwin-arm64@0.37.0':
    resolution: {integrity: sha512-QAiIiaAbLvMEg/yBbyKn+p1gX2/FuaC0SMf7D7capm/oG4xGMzdeaQIcSosF4TCxxV+hIH4Bz9e4/u7w6Bnk3Q==}
    engines: {node: '>= 10'}
    cpu: [arm64]
    os: [darwin]

  '@ast-grep/napi-darwin-x64@0.37.0':
    resolution: {integrity: sha512-zvcvdgekd4ySV3zUbUp8HF5nk5zqwiMXTuVzTUdl/w08O7JjM6XPOIVT+d2o/MqwM9rsXdzdergY5oY2RdhSPA==}
    engines: {node: '>= 10'}
    cpu: [x64]
    os: [darwin]

  '@ast-grep/napi-linux-arm64-gnu@0.37.0':
    resolution: {integrity: sha512-L7Sj0lXy8X+BqSMgr1LB8cCoWk0rericdeu+dC8/c8zpsav5Oo2IQKY1PmiZ7H8IHoFBbURLf8iklY9wsD+cyA==}
    engines: {node: '>= 10'}
    cpu: [arm64]
    os: [linux]
    libc: [glibc]

  '@ast-grep/napi-linux-arm64-musl@0.37.0':
    resolution: {integrity: sha512-LF9sAvYy6es/OdyJDO3RwkX3I82Vkfsng1sqUBcoWC1jVb1wX5YVzHtpQox9JrEhGl+bNp7FYxB4Qba9OdA5GA==}
    engines: {node: '>= 10'}
    cpu: [arm64]
    os: [linux]
    libc: [musl]

  '@ast-grep/napi-linux-x64-gnu@0.37.0':
    resolution: {integrity: sha512-TViz5/klqre6aSmJzswEIjApnGjJzstG/SE8VDWsrftMBMYt2PTu3MeluZVwzSqDao8doT/P+6U11dU05UOgxw==}
    engines: {node: '>= 10'}
    cpu: [x64]
    os: [linux]
    libc: [glibc]

  '@ast-grep/napi-linux-x64-musl@0.37.0':
    resolution: {integrity: sha512-/BcCH33S9E3ovOAEoxYngUNXgb+JLg991sdyiNP2bSoYd30a9RHrG7CYwW6fMgua3ijQ474eV6cq9yZO1bCpXg==}
    engines: {node: '>= 10'}
    cpu: [x64]
    os: [linux]
    libc: [musl]

  '@ast-grep/napi-win32-arm64-msvc@0.37.0':
    resolution: {integrity: sha512-TjQA4cFoIEW2bgjLkaL9yqT4XWuuLa5MCNd0VCDhGRDMNQ9+rhwi9eLOWRaap3xzT7g+nlbcEHL3AkVCD2+b3A==}
    engines: {node: '>= 10'}
    cpu: [arm64]
    os: [win32]

  '@ast-grep/napi-win32-ia32-msvc@0.37.0':
    resolution: {integrity: sha512-uNmVka8fJCdYsyOlF9aZqQMLTatEYBynjChVTzUfFMDfmZ0bihs/YTqJVbkSm8TZM7CUX82apvn50z/dX5iWRA==}
    engines: {node: '>= 10'}
    cpu: [ia32]
    os: [win32]

  '@ast-grep/napi-win32-x64-msvc@0.37.0':
    resolution: {integrity: sha512-vCiFOT3hSCQuHHfZ933GAwnPzmL0G04JxQEsBRfqONywyT8bSdDc/ECpAfr3S9VcS4JZ9/F6tkePKW/Om2Dq2g==}
    engines: {node: '>= 10'}
    cpu: [x64]
    os: [win32]

  '@ast-grep/napi@0.37.0':
    resolution: {integrity: sha512-Hb4o6h1Pf6yRUAX07DR4JVY7dmQw+RVQMW5/m55GoiAT/VRoKCWBtIUPPOnqDVhbx1Cjfil9b6EDrgJsUAujEQ==}
    engines: {node: '>= 10'}

  '@jridgewell/sourcemap-codec@1.5.0':
    resolution: {integrity: sha512-gv3ZRaISU3fjPAgNsriBRqGWQL6quFx04YMPW/zD8XMLsU32mhCCbfbO6KZFLjvYpCZ8zyDEgqsgf+PwPaM7GQ==}

  '@module-federation/error-codes@0.14.3':
    resolution: {integrity: sha512-sBJ3XKU9g5Up31jFeXPFsD8AgORV7TLO/cCSMuRewSfgYbG/3vSKLJmfHrO6+PvjZSb9VyV2UaF02ojktW65vw==}

  '@module-federation/runtime-core@0.14.3':
    resolution: {integrity: sha512-xMFQXflLVW/AJTWb4soAFP+LB4XuhE7ryiLIX8oTyUoBBgV6U2OPghnFljPjeXbud72O08NYlQ1qsHw1kN/V8Q==}

  '@module-federation/runtime-tools@0.14.3':
    resolution: {integrity: sha512-QBETX7iMYXdSa3JtqFlYU+YkpymxETZqyIIRiqg0gW+XGpH3jgU68yjrme2NBJp7URQi/CFZG8KWtfClk0Pjgw==}

  '@module-federation/runtime@0.14.3':
    resolution: {integrity: sha512-7ZHpa3teUDVhraYdxQGkfGHzPbjna4LtwbpudgzAxSLLFxLDNanaxCuSeIgSM9c+8sVUNC9kvzUgJEZB0krPJw==}

  '@module-federation/sdk@0.14.3':
    resolution: {integrity: sha512-THJZMfbXpqjQOLblCQ8jjcBFFXsGRJwUWE9l/Q4SmuCSKMgAwie7yLT0qSGrHmyBYrsUjAuy+xNB4nfKP0pnGw==}

  '@module-federation/webpack-bundler-runtime@0.14.3':
    resolution: {integrity: sha512-hIyJFu34P7bY2NeMIUHAS/mYUHEY71VTAsN0A0AqEJFSVPszheopu9VdXq0VDLrP9KQfuXT8SDxeYeJXyj0mgA==}

  '@rsbuild/core@1.4.0-beta.2':
    resolution: {integrity: sha512-cgMGolvlPkDghi0+tuoN5pYZERhOuOHQWXwxVU963/f5BSrXDRtwH6QzUevmUVyh+i1zFE5OdWM3YyVCahvG2Q==}
    engines: {node: '>=16.10.0'}
    hasBin: true

  '@rslib/core@0.9.2':
    resolution: {integrity: sha512-C5mZroofHKJiHl7V/b2hIp9WnFXRrKFnfOP/Aw+7DcxgH/ur593MypG3Zg5mVcaJv6OG36oNbvUtJ6+Wk5yqog==}
    engines: {node: '>=16.7.0'}
    hasBin: true
    peerDependencies:
      '@microsoft/api-extractor': ^7
      typescript: ^5
    peerDependenciesMeta:
      '@microsoft/api-extractor':
        optional: true
      typescript:
        optional: true

  '@rspack/binding-darwin-arm64@1.3.15':
    resolution: {integrity: sha512-f+DnVRENRdVe+ufpZeqTtWAUDSTnP48jVo7x9KWsXf8XyJHUi+eHKEPrFoy1HvL1/k5yJ3HVnFBh1Hb9cNIwSg==}
    cpu: [arm64]
    os: [darwin]

  '@rspack/binding-darwin-x64@1.3.15':
    resolution: {integrity: sha512-TfUvEIBqYUT2OK01BYXb2MNcZeZIhAnJy/5aj0qV0uy4KlvwW63HYcKWa1sFd4Ac7bnGShDkanvP3YEuHOFOyg==}
    cpu: [x64]
    os: [darwin]

  '@rspack/binding-linux-arm64-gnu@1.3.15':
    resolution: {integrity: sha512-D/YjYk9snKvYm1Elotq8/GsEipB4ZJWVv/V8cZ+ohhFNOPzygENi6JfyI06TryBTQiN0/JDZqt/S9RaWBWnMqw==}
    cpu: [arm64]
    os: [linux]
    libc: [glibc]

  '@rspack/binding-linux-arm64-musl@1.3.15':
    resolution: {integrity: sha512-lJbBsPMOiR0hYPCSM42yp7QiZjfo0ALtX7ws2wURpsQp3BMfRVAmXU3Ixpo2XCRtG1zj8crHaCmAWOJTS0smsA==}
    cpu: [arm64]
    os: [linux]
    libc: [musl]

  '@rspack/binding-linux-x64-gnu@1.3.15':
    resolution: {integrity: sha512-qGB8ucHklrzNg6lsAS36VrBsCbOw0acgpQNqTE5cuHWrp1Pu3GFTRiFEogenxEmzoRbohMZt0Ev5grivrcgKBQ==}
    cpu: [x64]
    os: [linux]
    libc: [glibc]

  '@rspack/binding-linux-x64-musl@1.3.15':
    resolution: {integrity: sha512-qRn6e40fLQP+N2rQD8GAj/h4DakeTIho32VxTIaHRVuzw68ZD7VmKkwn55ssN370ejmey35ZdoNFNE12RBrMZA==}
    cpu: [x64]
    os: [linux]
    libc: [musl]

  '@rspack/binding-win32-arm64-msvc@1.3.15':
    resolution: {integrity: sha512-7uJ7dWhO1nWXJiCss6Rslz8hoAxAhFpwpbWja3eHgRb7O4NPHg6MWw63AQSI2aFVakreenfu9yXQqYfpVWJ2dA==}
    cpu: [arm64]
    os: [win32]

  '@rspack/binding-win32-ia32-msvc@1.3.15':
    resolution: {integrity: sha512-UsaWTYCjDiSCB0A0qETgZk4QvhwfG8gCrO4SJvA+QSEWOmgSai1YV70prFtLLIiyT9mDt1eU3tPWl1UWPRU/EQ==}
    cpu: [ia32]
    os: [win32]

  '@rspack/binding-win32-x64-msvc@1.3.15':
    resolution: {integrity: sha512-ZnDIc9Es8EF94MirPDN+hOMt7tkb8nMEbRJFKLMmNd0ElNPgsql+1cY5SqyGRH1hsKB87KfSUQlhFiKZvzbfIg==}
    cpu: [x64]
    os: [win32]

  '@rspack/binding@1.3.15':
    resolution: {integrity: sha512-utNPuJglLO5lW9XbwIqjB7+2ilMo6JkuVLTVdnNVKU94FW7asn9F/qV+d+MgjUVqU1QPCGm0NuGO9xhbgeJ7pg==}

  '@rspack/core@1.3.15':
    resolution: {integrity: sha512-QuElIC8jXSKWAp0LSx18pmbhA7NiA5HGoVYesmai90UVxz98tud0KpMxTVCg+0lrLrnKZfCWN9kwjCxM5pGnrA==}
    engines: {node: '>=16.0.0'}
    peerDependencies:
      '@swc/helpers': '>=0.5.1'
    peerDependenciesMeta:
      '@swc/helpers':
        optional: true

  '@rspack/lite-tapable@1.0.1':
    resolution: {integrity: sha512-VynGOEsVw2s8TAlLf/uESfrgfrq2+rcXB1muPJYBWbsm1Oa6r5qVQhjA5ggM6z/coYPrsVMgovl3Ff7Q7OCp1w==}
    engines: {node: '>=16.0.0'}

  '@swc/helpers@0.5.17':
    resolution: {integrity: sha512-5IKx/Y13RsYd+sauPb2x+U/xZikHjolzfuDgTAl/Tdf3Q8rslRvC19NKDLgAJQ6wsqADk10ntlv08nPFw/gO/A==}

  '@types/node@22.15.31':
    resolution: {integrity: sha512-jnVe5ULKl6tijxUhvQeNbQG/84fHfg+yMak02cT8QVhBx/F05rAVxCGBYYTh2EKz22D6JF5ktXuNwdx7b9iEGw==}

  core-js@3.42.0:
    resolution: {integrity: sha512-Sz4PP4ZA+Rq4II21qkNqOEDTDrCvcANId3xpIgB34NDkWc3UduWj2dqEtN9yZIq8Dk3HyPI33x9sqqU5C8sr0g==}

  fdir@6.4.6:
    resolution: {integrity: sha512-hiFoqpyZcfNm1yc4u8oWCf9A2c4D3QjCrks3zmoVKVxpQRzmPNar1hUJcBG2RQHvEVGDN+Jm81ZheVLAQMK6+w==}
    peerDependencies:
      picomatch: ^3 || ^4
    peerDependenciesMeta:
      picomatch:
        optional: true

  jiti@2.4.2:
    resolution: {integrity: sha512-rg9zJN+G4n2nfJl5MW3BMygZX56zKPNVEYYqq7adpmMh4Jn2QNEwhvQlFy6jPVdcod7txZtKHWnyZiA3a0zP7A==}
    hasBin: true

  json5@2.2.3:
    resolution: {integrity: sha512-XmOWe7eyHYH14cLdVPoyg+GOH3rYX++KpzrylJwSW98t3Nk+U8XOl8FWKOgwtzdb8lXGf6zYwDUzeHMWfxasyg==}
    engines: {node: '>=6'}
    hasBin: true

  magic-string@0.30.17:
    resolution: {integrity: sha512-sNPKHvyjVf7gyjwS4xGTaW/mCnF8wnjtifKBEhxfZ7E/S8tQ0rssrwGNn6q8JH/ohItJfSQp9mBtQYuTlH5QnA==}

  minimist@1.2.8:
    resolution: {integrity: sha512-2yyAR8qBkN3YuheJanUpWC5U3bb5osDywNB8RzDVlDwDHbocAJveqqj1u8+SVD7jkWT4yvsHCpWqqWqAxb0zCA==}

  picocolors@1.1.1:
    resolution: {integrity: sha512-xceH2snhtb5M9liqDsmEw56le376mTZkEX/jEb/RxNFyegNul7eNslCXP9FDj/Lcu0X8KEyMceP2ntpaHrDEVA==}

  picomatch@4.0.2:
    resolution: {integrity: sha512-M7BAV6Rlcy5u+m6oPhAPFgJTzAioX/6B0DxyvDlo9l8+T3nLKbrczg2WLUyzd45L8RqfUMyGPzekbMvX2Ldkwg==}
    engines: {node: '>=12'}

  rsbuild-plugin-dts@0.9.2:
    resolution: {integrity: sha512-mVpf4J/auMSBy5iBNDaxTB8yYipENRTMUq8bQQJQdvzFuH2arQXrQ874ukEJ67XUZXhmxvc7ooEAR3UWKNiPtQ==}
    engines: {node: '>=16.7.0'}
    peerDependencies:
      '@microsoft/api-extractor': ^7
      '@rsbuild/core': 1.x
      typescript: ^5
    peerDependenciesMeta:
      '@microsoft/api-extractor':
        optional: true
      typescript:
        optional: true

  strip-bom@3.0.0:
    resolution: {integrity: sha512-vavAMRXOgBVNF6nyEEmL3DBK19iRpDcoIwW+swQ+CbGiu7lju6t+JklA1MHweoWtadgt4ISVUsXLyDq34ddcwA==}
    engines: {node: '>=4'}

  tinyglobby@0.2.14:
    resolution: {integrity: sha512-tX5e7OM1HnYr2+a2C/4V0htOcSQcoSTH9KgJnVvNm5zm/cyEWKJ7j7YutsH9CxMdtOkkLFy2AHrMci9IM8IPZQ==}
    engines: {node: '>=12.0.0'}

  tsconfig-paths@4.2.0:
    resolution: {integrity: sha512-NoZ4roiN7LnbKn9QqE1amc9DJfzvZXxF4xDavcOWt1BPkdx+m+0gJuPM+S0vCe7zTJMYUP0R8pO2XMr+Y8oLIg==}
    engines: {node: '>=6'}

  tslib@2.8.1:
    resolution: {integrity: sha512-oJFu94HQb+KVduSUQL7wnpmqnfmLsOA/nAh6b6EH0wCEoK0/mPeXU6c3wKDV83MkOuHPRHtSXKKU99IBazS/2w==}

  undici-types@6.21.0:
    resolution: {integrity: sha512-iwDZqg0QAGrg9Rav5H4n0M64c3mkR59cJ6wQp+7C4nI0gsmExaedaYLNO44eT4AtBBwjbTiGPMlt2Md0T9H9JQ==}

snapshots:

  '@ast-grep/napi-darwin-arm64@0.37.0':
    optional: true

  '@ast-grep/napi-darwin-x64@0.37.0':
    optional: true

  '@ast-grep/napi-linux-arm64-gnu@0.37.0':
    optional: true

  '@ast-grep/napi-linux-arm64-musl@0.37.0':
    optional: true

  '@ast-grep/napi-linux-x64-gnu@0.37.0':
    optional: true

  '@ast-grep/napi-linux-x64-musl@0.37.0':
    optional: true

  '@ast-grep/napi-win32-arm64-msvc@0.37.0':
    optional: true

  '@ast-grep/napi-win32-ia32-msvc@0.37.0':
    optional: true

  '@ast-grep/napi-win32-x64-msvc@0.37.0':
    optional: true

  '@ast-grep/napi@0.37.0':
    optionalDependencies:
      '@ast-grep/napi-darwin-arm64': 0.37.0
      '@ast-grep/napi-darwin-x64': 0.37.0
      '@ast-grep/napi-linux-arm64-gnu': 0.37.0
      '@ast-grep/napi-linux-arm64-musl': 0.37.0
      '@ast-grep/napi-linux-x64-gnu': 0.37.0
      '@ast-grep/napi-linux-x64-musl': 0.37.0
      '@ast-grep/napi-win32-arm64-msvc': 0.37.0
      '@ast-grep/napi-win32-ia32-msvc': 0.37.0
      '@ast-grep/napi-win32-x64-msvc': 0.37.0

  '@jridgewell/sourcemap-codec@1.5.0': {}

  '@module-federation/error-codes@0.14.3': {}

  '@module-federation/runtime-core@0.14.3':
    dependencies:
      '@module-federation/error-codes': 0.14.3
      '@module-federation/sdk': 0.14.3

  '@module-federation/runtime-tools@0.14.3':
    dependencies:
      '@module-federation/runtime': 0.14.3
      '@module-federation/webpack-bundler-runtime': 0.14.3

  '@module-federation/runtime@0.14.3':
    dependencies:
      '@module-federation/error-codes': 0.14.3
      '@module-federation/runtime-core': 0.14.3
      '@module-federation/sdk': 0.14.3

  '@module-federation/sdk@0.14.3': {}

  '@module-federation/webpack-bundler-runtime@0.14.3':
    dependencies:
      '@module-federation/runtime': 0.14.3
      '@module-federation/sdk': 0.14.3

  '@rsbuild/core@1.4.0-beta.2':
    dependencies:
      '@rspack/core': 1.3.15(@swc/helpers@0.5.17)
      '@rspack/lite-tapable': 1.0.1
      '@swc/helpers': 0.5.17
      core-js: 3.42.0
      jiti: 2.4.2

  '@rslib/core@0.9.2':
    dependencies:
      '@rsbuild/core': 1.4.0-beta.2
      rsbuild-plugin-dts: 0.9.2(@rsbuild/core@1.4.0-beta.2)
      tinyglobby: 0.2.14

  '@rspack/binding-darwin-arm64@1.3.15':
    optional: true

  '@rspack/binding-darwin-x64@1.3.15':
    optional: true

  '@rspack/binding-linux-arm64-gnu@1.3.15':
    optional: true

  '@rspack/binding-linux-arm64-musl@1.3.15':
    optional: true

  '@rspack/binding-linux-x64-gnu@1.3.15':
    optional: true

  '@rspack/binding-linux-x64-musl@1.3.15':
    optional: true

  '@rspack/binding-win32-arm64-msvc@1.3.15':
    optional: true

  '@rspack/binding-win32-ia32-msvc@1.3.15':
    optional: true

  '@rspack/binding-win32-x64-msvc@1.3.15':
    optional: true

  '@rspack/binding@1.3.15':
    optionalDependencies:
      '@rspack/binding-darwin-arm64': 1.3.15
      '@rspack/binding-darwin-x64': 1.3.15
      '@rspack/binding-linux-arm64-gnu': 1.3.15
      '@rspack/binding-linux-arm64-musl': 1.3.15
      '@rspack/binding-linux-x64-gnu': 1.3.15
      '@rspack/binding-linux-x64-musl': 1.3.15
      '@rspack/binding-win32-arm64-msvc': 1.3.15
      '@rspack/binding-win32-ia32-msvc': 1.3.15
      '@rspack/binding-win32-x64-msvc': 1.3.15

  '@rspack/core@1.3.15(@swc/helpers@0.5.17)':
    dependencies:
      '@module-federation/runtime-tools': 0.14.3
      '@rspack/binding': 1.3.15
      '@rspack/lite-tapable': 1.0.1
    optionalDependencies:
      '@swc/helpers': 0.5.17

  '@rspack/lite-tapable@1.0.1': {}

  '@swc/helpers@0.5.17':
    dependencies:
      tslib: 2.8.1

  '@types/node@22.15.31':
    dependencies:
      undici-types: 6.21.0

  core-js@3.42.0: {}

  fdir@6.4.6(picomatch@4.0.2):
    optionalDependencies:
      picomatch: 4.0.2

  jiti@2.4.2: {}

  json5@2.2.3: {}

  magic-string@0.30.17:
    dependencies:
      '@jridgewell/sourcemap-codec': 1.5.0

  minimist@1.2.8: {}

  picocolors@1.1.1: {}

  picomatch@4.0.2: {}

  rsbuild-plugin-dts@0.9.2(@rsbuild/core@1.4.0-beta.2):
    dependencies:
      '@ast-grep/napi': 0.37.0
      '@rsbuild/core': 1.4.0-beta.2
      magic-string: 0.30.17
      picocolors: 1.1.1
      tinyglobby: 0.2.14
      tsconfig-paths: 4.2.0

  strip-bom@3.0.0: {}

  tinyglobby@0.2.14:
    dependencies:
      fdir: 6.4.6(picomatch@4.0.2)
      picomatch: 4.0.2

  tsconfig-paths@4.2.0:
    dependencies:
      json5: 2.2.3
      minimist: 1.2.8
      strip-bom: 3.0.0

  tslib@2.8.1: {}

  undici-types@6.21.0: {}
